
Microsoft Visual Studio Solution File, Format Version 12.00
# Visual Studio 15
VisualStudioVersion = 15.0.28307.136
MinimumVisualStudioVersion = 10.0.40219.1
Project("{FAE04EC0-301F-11D3-BF4B-00C04F79EFBC}") = "WinFormUI", "WinFormUI\WinFormUI.csproj", "{F1D5D33B-08D8-4F0E-8372-0886A6CB66C3}"
EndProject
Global
	GlobalSection(SolutionConfigurationPlatforms) = preSolution
		Debug|Any CPU = Debug|Any CPU
		Release|Any CPU = Release|Any CPU
	EndGlobalSection
	GlobalSection(ProjectConfigurationPlatforms) = postSolution
		{F1D5D33B-08D8-4F0E-8372-0886A6CB66C3}.Debug|Any CPU.ActiveCfg = Debug|Any CPU
		{F1D5D33B-08D8-4F0E-8372-0886A6CB66C3}.Debug|Any CPU.Build.0 = Debug|Any CPU
		{F1D5D33B-08D8-4F0E-8372-0886A6CB66C3}.Release|Any CPU.ActiveCfg = Release|Any CPU
		{F1D5D33B-08D8-4F0E-8372-0886A6CB66C3}.Release|Any CPU.Build.0 = Release|Any CPU
	EndGlobalSection
	GlobalSection(SolutionProperties) = preSolution
		HideSolutionNode = FALSE
	EndGlobalSection
	GlobalSection(ExtensibilityGlobals) = postSolution
		SolutionGuid = {F2DE6202-8991-4D13-B9D1-311BC72DE468}
	EndGlobalSection
EndGlobal
